
Microsoft Visual Studio Solution File, Format Version 12.00
# Visual Studio 15
VisualStudioVersion = 15.0.28010.2046
MinimumVisualStudioVersion = 10.0.40219.1
Project("{9A19103F-16F7-4668-BE54-9A1E7A4F7556}") = "Continental.CUP.Web", "CUP.Web\Continental.CUP.Web.csproj", "{CA6A2EBD-C9B6-4F29-A077-8F1A8F743732}"
EndProject
Project("{FAE04EC0-301F-11D3-BF4B-00C04F79EFBC}") = "Continental.CUP.Repositories", "Continental.CUP.Repositories\Continental.CUP.Repositories.csproj", "{57C9A1AC-DFAD-4230-A36E-C0606BDDDE3D}"
EndProject
Global
	GlobalSection(SolutionConfigurationPlatforms) = preSolution
		Debug|Any CPU = Debug|Any CPU
		Release|Any CPU = Release|Any CPU
	EndGlobalSection
	GlobalSection(ProjectConfigurationPlatforms) = postSolution
		{CA6A2EBD-C9B6-4F29-A077-8F1A8F743732}.Debug|Any CPU.ActiveCfg = Debug|Any CPU
		{CA6A2EBD-C9B6-4F29-A077-8F1A8F743732}.Debug|Any CPU.Build.0 = Debug|Any CPU
		{CA6A2EBD-C9B6-4F29-A077-8F1A8F743732}.Release|Any CPU.ActiveCfg = Release|Any CPU
		{CA6A2EBD-C9B6-4F29-A077-8F1A8F743732}.Release|Any CPU.Build.0 = Release|Any CPU
		{57C9A1AC-DFAD-4230-A36E-C0606BDDDE3D}.Debug|Any CPU.ActiveCfg = Debug|Any CPU
		{57C9A1AC-DFAD-4230-A36E-C0606BDDDE3D}.Debug|Any CPU.Build.0 = Debug|Any CPU
		{57C9A1AC-DFAD-4230-A36E-C0606BDDDE3D}.Release|Any CPU.ActiveCfg = Release|Any CPU
		{57C9A1AC-DFAD-4230-A36E-C0606BDDDE3D}.Release|Any CPU.Build.0 = Release|Any CPU
	EndGlobalSection
	GlobalSection(SolutionProperties) = preSolution
		HideSolutionNode = FALSE
	EndGlobalSection
	GlobalSection(ExtensibilityGlobals) = postSolution
		SolutionGuid = {7E5BC8FD-6756-41DE-B54C-F2D705EC3AC6}
	EndGlobalSection
EndGlobal
